
Microsoft Visual Studio Solution File, Format Version 12.00
# Visual Studio Version 16
VisualStudioVersion = 16.0.808.6
MinimumVisualStudioVersion = 10.0.40219.1
Project("{FAE04EC0-301F-11D3-BF4B-00C04F79EFBC}") = "TextAdventureGame", "TextAdventureGame\TextAdventureGame.csproj", "{EA240580-7D89-499A-AD20-972137122E76}"
EndProject
Global
	GlobalSection(SolutionConfigurationPlatforms) = preSolution
		Debug|Any CPU = Debug|Any CPU
		Release|Any CPU = Release|Any CPU
	EndGlobalSection
	GlobalSection(ProjectConfigurationPlatforms) = postSolution
		{EA240580-7D89-499A-AD20-972137122E76}.Debug|Any CPU.ActiveCfg = Debug|Any CPU
		{EA240580-7D89-499A-AD20-972137122E76}.Debug|Any CPU.Build.0 = Debug|Any CPU
		{EA240580-7D89-499A-AD20-972137122E76}.Release|Any CPU.ActiveCfg = Release|Any CPU
		{EA240580-7D89-499A-AD20-972137122E76}.Release|Any CPU.Build.0 = Release|Any CPU
	EndGlobalSection
	GlobalSection(SolutionProperties) = preSolution
		HideSolutionNode = FALSE
	EndGlobalSection
	GlobalSection(ExtensibilityGlobals) = postSolution
		SolutionGuid = {D34C053F-5ED5-4607-BB09-B177AA0949F5}
	EndGlobalSection
EndGlobal
